
Microsoft Visual Studio Solution File, Format Version 12.00
# Visual Studio Version 17
VisualStudioVersion = 17.7.34024.191
MinimumVisualStudioVersion = 10.0.40219.1
Project("{FAE04EC0-301F-11D3-BF4B-00C04F79EFBC}") = "ASystem", "ASystem\ASystem.csproj", "{B7323F62-3BE6-4331-BA2A-B122C82B2C0A}"
EndProject
Global
	GlobalSection(SolutionConfigurationPlatforms) = preSolution
		Debug|Any CPU = Debug|Any CPU
		Release|Any CPU = Release|Any CPU
	EndGlobalSection
	GlobalSection(ProjectConfigurationPlatforms) = postSolution
		{B7323F62-3BE6-4331-BA2A-B122C82B2C0A}.Debug|Any CPU.ActiveCfg = Debug|Any CPU
		{B7323F62-3BE6-4331-BA2A-B122C82B2C0A}.Debug|Any CPU.Build.0 = Debug|Any CPU
		{B7323F62-3BE6-4331-BA2A-B122C82B2C0A}.Release|Any CPU.ActiveCfg = Release|Any CPU
		{B7323F62-3BE6-4331-BA2A-B122C82B2C0A}.Release|Any CPU.Build.0 = Release|Any CPU
	EndGlobalSection
	GlobalSection(SolutionProperties) = preSolution
		HideSolutionNode = FALSE
	EndGlobalSection
	GlobalSection(ExtensibilityGlobals) = postSolution
		SolutionGuid = {DA838CAE-20C3-44AD-86DD-A5F498C9C6AF}
	EndGlobalSection
EndGlobal
